Microsoft Visual Studio Solution File, Format Version 12.00
# Visual Studio Version 17
VisualStudioVersion = 17.5.2.0
MinimumVisualStudioVersion = 10.0.40219.1
Project("{FAE04EC0-301F-11D3-BF4B-00C04F79EFBC}") = "SplashkitMouseDown", "SplashkitMouseDown.csproj", "{6539B22C-D6F9-A73E-CE49-33B6EA626426}"
EndProject
Global
	GlobalSection(SolutionConfigurationPlatforms) = preSolution
		Debug|Any CPU = Debug|Any CPU
		Release|Any CPU = Release|Any CPU
	EndGlobalSection
	GlobalSection(ProjectConfigurationPlatforms) = postSolution
		{6539B22C-D6F9-A73E-CE49-33B6EA626426}.Debug|Any CPU.ActiveCfg = Debug|Any CPU
		{6539B22C-D6F9-A73E-CE49-33B6EA626426}.Debug|Any CPU.Build.0 = Debug|Any CPU
		{6539B22C-D6F9-A73E-CE49-33B6EA626426}.Release|Any CPU.ActiveCfg = Release|Any CPU
		{6539B22C-D6F9-A73E-CE49-33B6EA626426}.Release|Any CPU.Build.0 = Release|Any CPU
	EndGlobalSection
	GlobalSection(SolutionProperties) = preSolution
		HideSolutionNode = FALSE
	EndGlobalSection
	GlobalSection(ExtensibilityGlobals) = postSolution
		SolutionGuid = {81CD0F3D-A8D6-4CED-87A5-1598B8291100}
	EndGlobalSection
EndGlobal
