Microsoft Visual Studio Solution File, Format Version 12.00
# Visual Studio Version 17
VisualStudioVersion = 17.5.2.0
MinimumVisualStudioVersion = 10.0.40219.1
Project("{FAE04EC0-301F-11D3-BF4B-00C04F79EFBC}") = "SplashkitMouseMovement", "SplashkitMouseMovement.csproj", "{05A17FC0-4C46-07CA-365D-C540E2A79677}"
EndProject
Global
	GlobalSection(SolutionConfigurationPlatforms) = preSolution
		Debug|Any CPU = Debug|Any CPU
		Release|Any CPU = Release|Any CPU
	EndGlobalSection
	GlobalSection(ProjectConfigurationPlatforms) = postSolution
		{05A17FC0-4C46-07CA-365D-C540E2A79677}.Debug|Any CPU.ActiveCfg = Debug|Any CPU
		{05A17FC0-4C46-07CA-365D-C540E2A79677}.Debug|Any CPU.Build.0 = Debug|Any CPU
		{05A17FC0-4C46-07CA-365D-C540E2A79677}.Release|Any CPU.ActiveCfg = Release|Any CPU
		{05A17FC0-4C46-07CA-365D-C540E2A79677}.Release|Any CPU.Build.0 = Release|Any CPU
	EndGlobalSection
	GlobalSection(SolutionProperties) = preSolution
		HideSolutionNode = FALSE
	EndGlobalSection
	GlobalSection(ExtensibilityGlobals) = postSolution
		SolutionGuid = {39402CE9-2578-49D5-AFE6-0E3D795C8CE9}
	EndGlobalSection
EndGlobal
