Microsoft Visual Studio Solution File, Format Version 12.00
# Visual Studio Version 17
VisualStudioVersion = 17.5.2.0
MinimumVisualStudioVersion = 10.0.40219.1
Project("{FAE04EC0-301F-11D3-BF4B-00C04F79EFBC}") = "SplashkitReadingText", "SplashkitReadingText.csproj", "{D841113F-8ADA-7370-3FC6-051754E8F235}"
EndProject
Global
	GlobalSection(SolutionConfigurationPlatforms) = preSolution
		Debug|Any CPU = Debug|Any CPU
		Release|Any CPU = Release|Any CPU
	EndGlobalSection
	GlobalSection(ProjectConfigurationPlatforms) = postSolution
		{D841113F-8ADA-7370-3FC6-051754E8F235}.Debug|Any CPU.ActiveCfg = Debug|Any CPU
		{D841113F-8ADA-7370-3FC6-051754E8F235}.Debug|Any CPU.Build.0 = Debug|Any CPU
		{D841113F-8ADA-7370-3FC6-051754E8F235}.Release|Any CPU.ActiveCfg = Release|Any CPU
		{D841113F-8ADA-7370-3FC6-051754E8F235}.Release|Any CPU.Build.0 = Release|Any CPU
	EndGlobalSection
	GlobalSection(SolutionProperties) = preSolution
		HideSolutionNode = FALSE
	EndGlobalSection
	GlobalSection(ExtensibilityGlobals) = postSolution
		SolutionGuid = {413B4908-CADC-4E24-8DB6-3EDBF98FA48F}
	EndGlobalSection
EndGlobal
